
Microsoft Visual Studio Solution File, Format Version 12.00
# Visual Studio Version 17
VisualStudioVersion = 17.2.32516.85
MinimumVisualStudioVersion = 10.0.40219.1
Project("{8BC9CEB8-8B4A-11D0-8D11-00A0C91BC942}") = "ConsoleApplication1", "ConsoleApplication1\ConsoleApplication1.vcxproj", "{BAAB28B4-E250-45C8-9055-57A245E80485}"
EndProject
Global
	GlobalSection(SolutionConfigurationPlatforms) = preSolution
		Debug|x64 = Debug|x64
		Debug|x86 = Debug|x86
		Release|x64 = Release|x64
		Release|x86 = Release|x86
	EndGlobalSection
	GlobalSection(ProjectConfigurationPlatforms) = postSolution
		{BAAB28B4-E250-45C8-9055-57A245E80485}.Debug|x64.ActiveCfg = Debug|x64
		{BAAB28B4-E250-45C8-9055-57A245E80485}.Debug|x64.Build.0 = Debug|x64
		{BAAB28B4-E250-45C8-9055-57A245E80485}.Debug|x86.ActiveCfg = Debug|Win32
		{BAAB28B4-E250-45C8-9055-57A245E80485}.Debug|x86.Build.0 = Debug|Win32
		{BAAB28B4-E250-45C8-9055-57A245E80485}.Release|x64.ActiveCfg = Release|x64
		{BAAB28B4-E250-45C8-9055-57A245E80485}.Release|x64.Build.0 = Release|x64
		{BAAB28B4-E250-45C8-9055-57A245E80485}.Release|x86.ActiveCfg = Release|Win32
		{BAAB28B4-E250-45C8-9055-57A245E80485}.Release|x86.Build.0 = Release|Win32
	EndGlobalSection
	GlobalSection(SolutionProperties) = preSolution
		HideSolutionNode = FALSE
	EndGlobalSection
	GlobalSection(ExtensibilityGlobals) = postSolution
		SolutionGuid = {B5274A49-10BE-40F8-8212-BAD642A06D5C}
	EndGlobalSection
EndGlobal
